// !$*UTF8*$!
{
	archiveVersion = 1;
	classes = {
	};
	objectVersion = 56;
	objects = {

/* Begin PBXBuildFile section */
		854BB0E72B91D208000EE4C5 /* CustomTableViewCell.swift in Sources */ = {isa = PBXBuildFile; fileRef = 854BB0E62B91D208000EE4C5 /* CustomTableViewCell.swift */; };
		854BB0EA2B91E2BC000EE4C5 /* SnapKit in Frameworks */ = {isa = PBXBuildFile; productRef = 854BB0E92B91E2BC000EE4C5 /* SnapKit */; };
		8564E7BA2B9C780F00CF9CFC /* NewNotesView.swift in Sources */ = {isa = PBXBuildFile; fileRef = 8564E7B92B9C780F00CF9CFC /* NewNotesView.swift */; };
		8596CD582B90D4FB004154DC /* Extension +UIColor.swift in Sources */ = {isa = PBXBuildFile; fileRef = 8596CD572B90D4FB004154DC /* Extension +UIColor.swift */; };
		85A8EDE52B9B1A17005CE2D5 /* OnBoardingView.swift in Sources */ = {isa = PBXBuildFile; fileRef = 85A8EDE42B9B1A17005CE2D5 /* OnBoardingView.swift */; };
		85A8EDE72B9B1C96005CE2D5 /* OnBoardCell.swift in Sources */ = {isa = PBXBuildFile; fileRef = 85A8EDE62B9B1C96005CE2D5 /* OnBoardCell.swift */; };
		85A8EDE92B9B38DF005CE2D5 /* StructBoardings.swift in Sources */ = {isa = PBXBuildFile; fileRef = 85A8EDE82B9B38DF005CE2D5 /* StructBoardings.swift */; };
		85AEE7662BA06F9E000DC0AA /* CoreDataService.swift in Sources */ = {isa = PBXBuildFile; fileRef = 85AEE7652BA06F9E000DC0AA /* CoreDataService.swift */; };
		85B5EF5F2BA066A000E07DB8 /* Note.xcdatamodeld in Sources */ = {isa = PBXBuildFile; fileRef = 85B5EF5D2BA066A000E07DB8 /* Note.xcdatamodeld */; };
		85B5EF622BA0685F00E07DB8 /* Note+CoreDataClass.swift in Sources */ = {isa = PBXBuildFile; fileRef = 85B5EF602BA0685E00E07DB8 /* Note+CoreDataClass.swift */; };
		85B5EF632BA0685F00E07DB8 /* Note+CoreDataProperties.swift in Sources */ = {isa = PBXBuildFile; fileRef = 85B5EF612BA0685E00E07DB8 /* Note+CoreDataProperties.swift */; };
		85E2E3622B89CD6F00E8212F /* AppDelegate.swift in Sources */ = {isa = PBXBuildFile; fileRef = 85E2E3612B89CD6F00E8212F /* AppDelegate.swift */; };
		85E2E3642B89CD6F00E8212F /* SceneDelegate.swift in Sources */ = {isa = PBXBuildFile; fileRef = 85E2E3632B89CD6F00E8212F /* SceneDelegate.swift */; };
		85E2E36B2B89CD7200E8212F /* Assets.xcassets in Resources */ = {isa = PBXBuildFile; fileRef = 85E2E36A2B89CD7200E8212F /* Assets.xcassets */; };
		85E2E36E2B89CD7200E8212F /* LaunchScreen.storyboard in Resources */ = {isa = PBXBuildFile; fileRef = 85E2E36C2B89CD7200E8212F /* LaunchScreen.storyboard */; };
		85E2E37B2B89CE1A00E8212F /* HomeView.swift in Sources */ = {isa = PBXBuildFile; fileRef = 85E2E37A2B89CE1A00E8212F /* HomeView.swift */; };
		85E2E37D2B89CE3000E8212F /* NoteCell.swift in Sources */ = {isa = PBXBuildFile; fileRef = 85E2E37C2B89CE3000E8212F /* NoteCell.swift */; };
		85E2E37F2B89CE4900E8212F /* HomeController.swift in Sources */ = {isa = PBXBuildFile; fileRef = 85E2E37E2B89CE4900E8212F /* HomeController.swift */; };
		85E2E3812B89CE6100E8212F /* HomeModel.swift in Sources */ = {isa = PBXBuildFile; fileRef = 85E2E3802B89CE6100E8212F /* HomeModel.swift */; };
		85E2E3842B89D75D00E8212F /* SettingView.swift in Sources */ = {isa = PBXBuildFile; fileRef = 85E2E3832B89D75D00E8212F /* SettingView.swift */; };
		85E2E3862B8A2BDA00E8212F /* SettingController.swift in Sources */ = {isa = PBXBuildFile; fileRef = 85E2E3852B8A2BDA00E8212F /* SettingController.swift */; };
		85E2E3882B8A2BFF00E8212F /* SettingModel.swift in Sources */ = {isa = PBXBuildFile; fileRef = 85E2E3872B8A2BFF00E8212F /* SettingModel.swift */; };
/* End PBXBuildFile section */

/* Begin PBXFileReference section */
		854BB0E62B91D208000EE4C5 /* CustomTableViewCell.swift */ = {isa = PBXFileReference; lastKnownFileType = sourcecode.swift; path = CustomTableViewCell.swift; sourceTree = "<group>"; };
		8564E7B92B9C780F00CF9CFC /* NewNotesView.swift */ = {isa = PBXFileReference; lastKnownFileType = sourcecode.swift; path = NewNotesView.swift; sourceTree = "<group>"; };
		8596CD572B90D4FB004154DC /* Extension +UIColor.swift */ = {isa = PBXFileReference; lastKnownFileType = sourcecode.swift; path = "Extension +UIColor.swift"; sourceTree = "<group>"; };
		85A8EDE42B9B1A17005CE2D5 /* OnBoardingView.swift */ = {isa = PBXFileReference; lastKnownFileType = sourcecode.swift; path = OnBoardingView.swift; sourceTree = "<group>"; };
		85A8EDE62B9B1C96005CE2D5 /* OnBoardCell.swift */ = {isa = PBXFileReference; lastKnownFileType = sourcecode.swift; path = OnBoardCell.swift; sourceTree = "<group>"; };
		85A8EDE82B9B38DF005CE2D5 /* StructBoardings.swift */ = {isa = PBXFileReference; lastKnownFileType = sourcecode.swift; path = StructBoardings.swift; sourceTree = "<group>"; };
		85AEE7652BA06F9E000DC0AA /* CoreDataService.swift */ = {isa = PBXFileReference; lastKnownFileType = sourcecode.swift; path = CoreDataService.swift; sourceTree = "<group>"; };
		85B5EF5E2BA066A000E07DB8 /* NoteCoreData.xcdatamodel */ = {isa = PBXFileReference; lastKnownFileType = wrapper.xcdatamodel; path = NoteCoreData.xcdatamodel; sourceTree = "<group>"; };
		85B5EF602BA0685E00E07DB8 /* Note+CoreDataClass.swift */ = {isa = PBXFileReference; lastKnownFileType = sourcecode.swift; path = "Note+CoreDataClass.swift"; sourceTree = "<group>"; };
		85B5EF612BA0685E00E07DB8 /* Note+CoreDataProperties.swift */ = {isa = PBXFileReference; lastKnownFileType = sourcecode.swift; path = "Note+CoreDataProperties.swift"; sourceTree = "<group>"; };
		85E2E35E2B89CD6F00E8212F /* MyNotesProject.app */ = {isa = PBXFileReference; explicitFileType = wrapper.application; includeInIndex = 0; path = MyNotesProject.app; sourceTree = BUILT_PRODUCTS_DIR; };
		85E2E3612B89CD6F00E8212F /* AppDelegate.swift */ = {isa = PBXFileReference; lastKnownFileType = sourcecode.swift; path = AppDelegate.swift; sourceTree = "<group>"; };
		85E2E3632B89CD6F00E8212F /* SceneDelegate.swift */ = {isa = PBXFileReference; lastKnownFileType = sourcecode.swift; path = SceneDelegate.swift; sourceTree = "<group>"; };
		85E2E36A2B89CD7200E8212F /* Assets.xcassets */ = {isa = PBXFileReference; lastKnownFileType = folder.assetcatalog; path = Assets.xcassets; sourceTree = "<group>"; };
		85E2E36D2B89CD7200E8212F /* Base */ = {isa = PBXFileReference; lastKnownFileType = file.storyboard; name = Base; path = Base.lproj/LaunchScreen.storyboard; sourceTree = "<group>"; };
		85E2E36F2B89CD7200E8212F /* Info.plist */ = {isa = PBXFileReference; lastKnownFileType = text.plist.xml; path = Info.plist; sourceTree = "<group>"; };
		85E2E37A2B89CE1A00E8212F /* HomeView.swift */ = {isa = PBXFileReference; lastKnownFileType = sourcecode.swift; path = HomeView.swift; sourceTree = "<group>"; };
		85E2E37C2B89CE3000E8212F /* NoteCell.swift */ = {isa = PBXFileReference; lastKnownFileType = sourcecode.swift; path = NoteCell.swift; sourceTree = "<group>"; };
		85E2E37E2B89CE4900E8212F /* HomeController.swift */ = {isa = PBXFileReference; lastKnownFileType = sourcecode.swift; path = HomeController.swift; sourceTree = "<group>"; };
		85E2E3802B89CE6100E8212F /* HomeModel.swift */ = {isa = PBXFileReference; lastKnownFileType = sourcecode.swift; path = HomeModel.swift; sourceTree = "<group>"; };
		85E2E3832B89D75D00E8212F /* SettingView.swift */ = {isa = PBXFileReference; lastKnownFileType = sourcecode.swift; path = SettingView.swift; sourceTree = "<group>"; };
		85E2E3852B8A2BDA00E8212F /* SettingController.swift */ = {isa = PBXFileReference; lastKnownFileType = sourcecode.swift; path = SettingController.swift; sourceTree = "<group>"; };
		85E2E3872B8A2BFF00E8212F /* SettingModel.swift */ = {isa = PBXFileReference; lastKnownFileType = sourcecode.swift; path = SettingModel.swift; sourceTree = "<group>"; };
/* End PBXFileReference section */

/* Begin PBXFrameworksBuildPhase section */
		85E2E35B2B89CD6F00E8212F /* Frameworks */ = {
			isa = PBXFrameworksBuildPhase;
			buildActionMask = 2147483647;
			files = (
				854BB0EA2B91E2BC000EE4C5 /* SnapKit in Frameworks */,
			);
			runOnlyForDeploymentPostprocessing = 0;
		};
/* End PBXFrameworksBuildPhase section */

/* Begin PBXGroup section */
		8564E7B82B9C74C900CF9CFC /* NewNotes */ = {
			isa = PBXGroup;
			children = (
				8564E7B92B9C780F00CF9CFC /* NewNotesView.swift */,
			);
			path = NewNotes;
			sourceTree = "<group>";
		};
		8596CD562B90D4E3004154DC /* SupportFiles */ = {
			isa = PBXGroup;
			children = (
				8596CD572B90D4FB004154DC /* Extension +UIColor.swift */,
			);
			path = SupportFiles;
			sourceTree = "<group>";
		};
		85A8EDE32B9B19D3005CE2D5 /* OnBoarding */ = {
			isa = PBXGroup;
			children = (
				85A8EDE42B9B1A17005CE2D5 /* OnBoardingView.swift */,
				85A8EDE62B9B1C96005CE2D5 /* OnBoardCell.swift */,
				85A8EDE82B9B38DF005CE2D5 /* StructBoardings.swift */,
			);
			path = OnBoarding;
			sourceTree = "<group>";
		};
		85AEE7632BA06F3A000DC0AA /* Services */ = {
			isa = PBXGroup;
			children = (
				85AEE7642BA06F73000DC0AA /* CoreData */,
			);
			path = Services;
			sourceTree = "<group>";
		};
		85AEE7642BA06F73000DC0AA /* CoreData */ = {
			isa = PBXGroup;
			children = (
				85AEE7652BA06F9E000DC0AA /* CoreDataService.swift */,
			);
			path = CoreData;
			sourceTree = "<group>";
		};
		85E2E3552B89CD6F00E8212F = {
			isa = PBXGroup;
			children = (
				85B5EF602BA0685E00E07DB8 /* Note+CoreDataClass.swift */,
				85B5EF612BA0685E00E07DB8 /* Note+CoreDataProperties.swift */,
				85E2E3602B89CD6F00E8212F /* MyNotesProject */,
				85E2E35F2B89CD6F00E8212F /* Products */,
			);
			sourceTree = "<group>";
		};
		85E2E35F2B89CD6F00E8212F /* Products */ = {
			isa = PBXGroup;
			children = (
				85E2E35E2B89CD6F00E8212F /* MyNotesProject.app */,
			);
			name = Products;
			sourceTree = "<group>";
		};
		85E2E3602B89CD6F00E8212F /* MyNotesProject */ = {
			isa = PBXGroup;
			children = (
				85AEE7632BA06F3A000DC0AA /* Services */,
				85A8EDE32B9B19D3005CE2D5 /* OnBoarding */,
				85E2E3752B89CD9100E8212F /* Delegate */,
				8596CD562B90D4E3004154DC /* SupportFiles */,
				85E2E3782B89CDDB00E8212F /* Modules */,
				85E2E3762B89CDAE00E8212F /* Recourse */,
				85E2E36F2B89CD7200E8212F /* Info.plist */,
				85B5EF5D2BA066A000E07DB8 /* Note.xcdatamodeld */,
			);
			path = MyNotesProject;
			sourceTree = "<group>";
		};
		85E2E3752B89CD9100E8212F /* Delegate */ = {
			isa = PBXGroup;
			children = (
				85E2E3612B89CD6F00E8212F /* AppDelegate.swift */,
				85E2E3632B89CD6F00E8212F /* SceneDelegate.swift */,
			);
			path = Delegate;
			sourceTree = "<group>";
		};
		85E2E3762B89CDAE00E8212F /* Recourse */ = {
			isa = PBXGroup;
			children = (
				85E2E36A2B89CD7200E8212F /* Assets.xcassets */,
				85E2E36C2B89CD7200E8212F /* LaunchScreen.storyboard */,
			);
			path = Recourse;
			sourceTree = "<group>";
		};
		85E2E3782B89CDDB00E8212F /* Modules */ = {
			isa = PBXGroup;
			children = (
				8564E7B82B9C74C900CF9CFC /* NewNotes */,
				85E2E3792B89CDF700E8212F /* Home */,
				85E2E3822B89D73D00E8212F /* Setting */,
			);
			path = Modules;
			sourceTree = "<group>";
		};
		85E2E3792B89CDF700E8212F /* Home */ = {
			isa = PBXGroup;
			children = (
				85E2E37A2B89CE1A00E8212F /* HomeView.swift */,
				85E2E37C2B89CE3000E8212F /* NoteCell.swift */,
				85E2E37E2B89CE4900E8212F /* HomeController.swift */,
				85E2E3802B89CE6100E8212F /* HomeModel.swift */,
			);
			path = Home;
			sourceTree = "<group>";
		};
		85E2E3822B89D73D00E8212F /* Setting */ = {
			isa = PBXGroup;
			children = (
				85E2E3832B89D75D00E8212F /* SettingView.swift */,
				85E2E3852B8A2BDA00E8212F /* SettingController.swift */,
				85E2E3872B8A2BFF00E8212F /* SettingModel.swift */,
				854BB0E62B91D208000EE4C5 /* CustomTableViewCell.swift */,
			);
			path = Setting;
			sourceTree = "<group>";
		};
/* End PBXGroup section */

/* Begin PBXNativeTarget section */
		85E2E35D2B89CD6F00E8212F /* MyNotesProject */ = {
			isa = PBXNativeTarget;
			buildConfigurationList = 85E2E3722B89CD7200E8212F /* Build configuration list for PBXNativeTarget "MyNotesProject" */;
			buildPhases = (
				85E2E35A2B89CD6F00E8212F /* Sources */,
				85E2E35B2B89CD6F00E8212F /* Frameworks */,
				85E2E35C2B89CD6F00E8212F /* Resources */,
			);
			buildRules = (
			);
			dependencies = (
			);
			name = MyNotesProject;
			packageProductDependencies = (
				854BB0E92B91E2BC000EE4C5 /* SnapKit */,
			);
			productName = MyNotesProject;
			productReference = 85E2E35E2B89CD6F00E8212F /* MyNotesProject.app */;
			productType = "com.apple.product-type.application";
		};
/* End PBXNativeTarget section */

/* Begin PBXProject section */
		85E2E3562B89CD6F00E8212F /* Project object */ = {
			isa = PBXProject;
			attributes = {
				BuildIndependentTargetsInParallel = 1;
				LastSwiftUpdateCheck = 1520;
				LastUpgradeCheck = 1520;
				TargetAttributes = {
					85E2E35D2B89CD6F00E8212F = {
						CreatedOnToolsVersion = 15.2;
					};
				};
			};
			buildConfigurationList = 85E2E3592B89CD6F00E8212F /* Build configuration list for PBXProject "MyNotesProject" */;
			compatibilityVersion = "Xcode 14.0";
			developmentRegion = en;
			hasScannedForEncodings = 0;
			knownRegions = (
				en,
				Base,
			);
			mainGroup = 85E2E3552B89CD6F00E8212F;
			packageReferences = (
				854BB0E82B91E2BC000EE4C5 /* XCRemoteSwiftPackageReference "SnapKit" */,
			);
			productRefGroup = 85E2E35F2B89CD6F00E8212F /* Products */;
			projectDirPath = "";
			projectRoot = "";
			targets = (
				85E2E35D2B89CD6F00E8212F /* MyNotesProject */,
			);
		};
/* End PBXProject section */

/* Begin PBXResourcesBuildPhase section */
		85E2E35C2B89CD6F00E8212F /* Resources */ = {
			isa = PBXResourcesBuildPhase;
			buildActionMask = 2147483647;
			files = (
				85E2E36E2B89CD7200E8212F /* LaunchScreen.storyboard in Resources */,
				85E2E36B2B89CD7200E8212F /* Assets.xcassets in Resources */,
			);
			runOnlyForDeploymentPostprocessing = 0;
		};
/* End PBXResourcesBuildPhase section */

/* Begin PBXSourcesBuildPhase section */
		85E2E35A2B89CD6F00E8212F /* Sources */ = {
			isa = PBXSourcesBuildPhase;
			buildActionMask = 2147483647;
			files = (
				85A8EDE92B9B38DF005CE2D5 /* StructBoardings.swift in Sources */,
				85E2E37B2B89CE1A00E8212F /* HomeView.swift in Sources */,
				85E2E37F2B89CE4900E8212F /* HomeController.swift in Sources */,
				854BB0E72B91D208000EE4C5 /* CustomTableViewCell.swift in Sources */,
				85E2E3812B89CE6100E8212F /* HomeModel.swift in Sources */,
				85E2E3842B89D75D00E8212F /* SettingView.swift in Sources */,
				85E2E3862B8A2BDA00E8212F /* SettingController.swift in Sources */,
				85E2E37D2B89CE3000E8212F /* NoteCell.swift in Sources */,
				8596CD582B90D4FB004154DC /* Extension +UIColor.swift in Sources */,
				85E2E3622B89CD6F00E8212F /* AppDelegate.swift in Sources */,
				85B5EF5F2BA066A000E07DB8 /* Note.xcdatamodeld in Sources */,
				85A8EDE52B9B1A17005CE2D5 /* OnBoardingView.swift in Sources */,
				85E2E3642B89CD6F00E8212F /* SceneDelegate.swift in Sources */,
				85AEE7662BA06F9E000DC0AA /* CoreDataService.swift in Sources */,
				85B5EF622BA0685F00E07DB8 /* Note+CoreDataClass.swift in Sources */,
				85A8EDE72B9B1C96005CE2D5 /* OnBoardCell.swift in Sources */,
				8564E7BA2B9C780F00CF9CFC /* NewNotesView.swift in Sources */,
				85E2E3882B8A2BFF00E8212F /* SettingModel.swift in Sources */,
				85B5EF632BA0685F00E07DB8 /* Note+CoreDataProperties.swift in Sources */,
			);
			runOnlyForDeploymentPostprocessing = 0;
		};
/* End PBXSourcesBuildPhase section */

/* Begin PBXVariantGroup section */
		85E2E36C2B89CD7200E8212F /* LaunchScreen.storyboard */ = {
			isa = PBXVariantGroup;
			children = (
				85E2E36D2B89CD7200E8212F /* Base */,
			);
			name = LaunchScreen.storyboard;
			sourceTree = "<group>";
		};
/* End PBXVariantGroup section */

/* Begin XCBuildConfiguration section */
		85E2E3702B89CD7200E8212F /* Debug */ = {
			isa = XCBuildConfiguration;
			buildSettings = {
				ALWAYS_SEARCH_USER_PATHS = NO;
				ASSETCATALOG_COMPILER_GENERATE_SWIFT_ASSET_SYMBOL_EXTENSIONS = YES;
				CLANG_ANALYZER_NONNULL = YES;
				CLANG_ANALYZER_NUMBER_OBJECT_CONVERSION = YES_AGGRESSIVE;
				CLANG_CXX_LANGUAGE_STANDARD = "gnu++20";
				CLANG_ENABLE_MODULES = YES;
				CLANG_ENABLE_OBJC_ARC = YES;
				CLANG_ENABLE_OBJC_WEAK = YES;
				CLANG_WARN_BLOCK_CAPTURE_AUTORELEASING = YES;
				CLANG_WARN_BOOL_CONVERSION = YES;
				CLANG_WARN_COMMA = YES;
				CLANG_WARN_CONSTANT_CONVERSION = YES;
				CLANG_WARN_DEPRECATED_OBJC_IMPLEMENTATIONS = YES;
				CLANG_WARN_DIRECT_OBJC_ISA_USAGE = YES_ERROR;
				CLANG_WARN_DOCUMENTATION_COMMENTS = YES;
				CLANG_WARN_EMPTY_BODY = YES;
				CLANG_WARN_ENUM_CONVERSION = YES;
				CLANG_WARN_INFINITE_RECURSION = YES;
				CLANG_WARN_INT_CONVERSION = YES;
				CLANG_WARN_NON_LITERAL_NULL_CONVERSION = YES;
				CLANG_WARN_OBJC_IMPLICIT_RETAIN_SELF = YES;
				CLANG_WARN_OBJC_LITERAL_CONVERSION = YES;
				CLANG_WARN_OBJC_ROOT_CLASS = YES_ERROR;
				CLANG_WARN_QUOTED_INCLUDE_IN_FRAMEWORK_HEADER = YES;
				CLANG_WARN_RANGE_LOOP_ANALYSIS = YES;
				CLANG_WARN_STRICT_PROTOTYPES = YES;
				CLANG_WARN_SUSPICIOUS_MOVE = YES;
				CLANG_WARN_UNGUARDED_AVAILABILITY = YES_AGGRESSIVE;
				CLANG_WARN_UNREACHABLE_CODE = YES;
				CLANG_WARN__DUPLICATE_METHOD_MATCH = YES;
				COPY_PHASE_STRIP = NO;
				DEBUG_INFORMATION_FORMAT = dwarf;
				ENABLE_STRICT_OBJC_MSGSEND = YES;
				ENABLE_TESTABILITY = YES;
				ENABLE_USER_SCRIPT_SANDBOXING = YES;
				GCC_C_LANGUAGE_STANDARD = gnu17;
				GCC_DYNAMIC_NO_PIC = NO;
				GCC_NO_COMMON_BLOCKS = YES;
				GCC_OPTIMIZATION_LEVEL = 0;
				GCC_PREPROCESSOR_DEFINITIONS = (
					"DEBUG=1",
					"$(inherited)",
				);
				GCC_WARN_64_TO_32_BIT_CONVERSION = YES;
				GCC_WARN_ABOUT_RETURN_TYPE = YES_ERROR;
				GCC_WARN_UNDECLARED_SELECTOR = YES;
				GCC_WARN_UNINITIALIZED_AUTOS = YES_AGGRESSIVE;
				GCC_WARN_UNUSED_FUNCTION = YES;
				GCC_WARN_UNUSED_VARIABLE = YES;
				IPHONEOS_DEPLOYMENT_TARGET = 17.2;
				LOCALIZATION_PREFERS_STRING_CATALOGS = YES;
				MTL_ENABLE_DEBUG_INFO = INCLUDE_SOURCE;
				MTL_FAST_MATH = YES;
				ONLY_ACTIVE_ARCH = YES;
				SDKROOT = iphoneos;
				SWIFT_ACTIVE_COMPILATION_CONDITIONS = "DEBUG $(inherited)";
				SWIFT_OPTIMIZATION_LEVEL = "-Onone";
			};
			name = Debug;
		};
		85E2E3712B89CD7200E8212F /* Release */ = {
			isa = XCBuildConfiguration;
			buildSettings = {
				ALWAYS_SEARCH_USER_PATHS = NO;
				ASSETCATALOG_COMPILER_GENERATE_SWIFT_ASSET_SYMBOL_EXTENSIONS = YES;
				CLANG_ANALYZER_NONNULL = YES;
				CLANG_ANALYZER_NUMBER_OBJECT_CONVERSION = YES_AGGRESSIVE;
				CLANG_CXX_LANGUAGE_STANDARD = "gnu++20";
				CLANG_ENABLE_MODULES = YES;
				CLANG_ENABLE_OBJC_ARC = YES;
				CLANG_ENABLE_OBJC_WEAK = YES;
				CLANG_WARN_BLOCK_CAPTURE_AUTORELEASING = YES;
				CLANG_WARN_BOOL_CONVERSION = YES;
				CLANG_WARN_COMMA = YES;
				CLANG_WARN_CONSTANT_CONVERSION = YES;
				CLANG_WARN_DEPRECATED_OBJC_IMPLEMENTATIONS = YES;
				CLANG_WARN_DIRECT_OBJC_ISA_USAGE = YES_ERROR;
				CLANG_WARN_DOCUMENTATION_COMMENTS = YES;
				CLANG_WARN_EMPTY_BODY = YES;
				CLANG_WARN_ENUM_CONVERSION = YES;
				CLANG_WARN_INFINITE_RECURSION = YES;
				CLANG_WARN_INT_CONVERSION = YES;
				CLANG_WARN_NON_LITERAL_NULL_CONVERSION = YES;
				CLANG_WARN_OBJC_IMPLICIT_RETAIN_SELF = YES;
				CLANG_WARN_OBJC_LITERAL_CONVERSION = YES;
				CLANG_WARN_OBJC_ROOT_CLASS = YES_ERROR;
				CLANG_WARN_QUOTED_INCLUDE_IN_FRAMEWORK_HEADER = YES;
				CLANG_WARN_RANGE_LOOP_ANALYSIS = YES;
				CLANG_WARN_STRICT_PROTOTYPES = YES;
				CLANG_WARN_SUSPICIOUS_MOVE = YES;
				CLANG_WARN_UNGUARDED_AVAILABILITY = YES_AGGRESSIVE;
				CLANG_WARN_UNREACHABLE_CODE = YES;
				CLANG_WARN__DUPLICATE_METHOD_MATCH = YES;
				COPY_PHASE_STRIP = NO;
				DEBUG_INFORMATION_FORMAT = "dwarf-with-dsym";
				ENABLE_NS_ASSERTIONS = NO;
				ENABLE_STRICT_OBJC_MSGSEND = YES;
				ENABLE_USER_SCRIPT_SANDBOXING = YES;
				GCC_C_LANGUAGE_STANDARD = gnu17;
				GCC_NO_COMMON_BLOCKS = YES;
				GCC_WARN_64_TO_32_BIT_CONVERSION = YES;
				GCC_WARN_ABOUT_RETURN_TYPE = YES_ERROR;
				GCC_WARN_UNDECLARED_SELECTOR = YES;
				GCC_WARN_UNINITIALIZED_AUTOS = YES_AGGRESSIVE;
				GCC_WARN_UNUSED_FUNCTION = YES;
				GCC_WARN_UNUSED_VARIABLE = YES;
				IPHONEOS_DEPLOYMENT_TARGET = 17.2;
				LOCALIZATION_PREFERS_STRING_CATALOGS = YES;
				MTL_ENABLE_DEBUG_INFO = NO;
				MTL_FAST_MATH = YES;
				SDKROOT = iphoneos;
				SWIFT_COMPILATION_MODE = wholemodule;
				VALIDATE_PRODUCT = YES;
			};
			name = Release;
		};
		85E2E3732B89CD7200E8212F /* Debug */ = {
			isa = XCBuildConfiguration;
			buildSettings = {
				ASSETCATALOG_COMPILER_APPICON_NAME = AppIcon;
				ASSETCATALOG_COMPILER_GLOBAL_ACCENT_COLOR_NAME = AccentColor;
				CODE_SIGN_STYLE = Automatic;
				CURRENT_PROJECT_VERSION = 1;
				GENERATE_INFOPLIST_FILE = YES;
				INFOPLIST_FILE = MyNotesProject/Info.plist;
				INFOPLIST_KEY_UIApplicationSupportsIndirectInputEvents = YES;
				INFOPLIST_KEY_UILaunchStoryboardName = LaunchScreen;
				INFOPLIST_KEY_UISupportedInterfaceOrientations_iPad = "UIInterfaceOrientationPortrait UIInterfaceOrientationPortraitUpsideDown UIInterfaceOrientationLandscapeLeft UIInterfaceOrientationLandscapeRight";
				INFOPLIST_KEY_UISupportedInterfaceOrientations_iPhone = "UIInterfaceOrientationPortrait UIInterfaceOrientationLandscapeLeft UIInterfaceOrientationLandscapeRight";
				IPHONEOS_DEPLOYMENT_TARGET = 15.0;
				LD_RUNPATH_SEARCH_PATHS = (
					"$(inherited)",
					"@executable_path/Frameworks",
				);
				MARKETING_VERSION = 1.0;
				PRODUCT_BUNDLE_IDENTIFIER = nurtilek.com.MyNotesProject;
				PRODUCT_NAME = "$(TARGET_NAME)";
				SWIFT_EMIT_LOC_STRINGS = YES;
				SWIFT_VERSION = 5.0;
				TARGETED_DEVICE_FAMILY = "1,2";
			};
			name = Debug;
		};
		85E2E3742B89CD7200E8212F /* Release */ = {
			isa = XCBuildConfiguration;
			buildSettings = {
				ASSETCATALOG_COMPILER_APPICON_NAME = AppIcon;
				ASSETCATALOG_COMPILER_GLOBAL_ACCENT_COLOR_NAME = AccentColor;
				CODE_SIGN_STYLE = Automatic;
				CURRENT_PROJECT_VERSION = 1;
				GENERATE_INFOPLIST_FILE = YES;
				INFOPLIST_FILE = MyNotesProject/Info.plist;
				INFOPLIST_KEY_UIApplicationSupportsIndirectInputEvents = YES;
				INFOPLIST_KEY_UILaunchStoryboardName = LaunchScreen;
				INFOPLIST_KEY_UISupportedInterfaceOrientations_iPad = "UIInterfaceOrientationPortrait UIInterfaceOrientationPortraitUpsideDown UIInterfaceOrientationLandscapeLeft UIInterfaceOrientationLandscapeRight";
				INFOPLIST_KEY_UISupportedInterfaceOrientations_iPhone = "UIInterfaceOrientationPortrait UIInterfaceOrientationLandscapeLeft UIInterfaceOrientationLandscapeRight";
				IPHONEOS_DEPLOYMENT_TARGET = 15.0;
				LD_RUNPATH_SEARCH_PATHS = (
					"$(inherited)",
					"@executable_path/Frameworks",
				);
				MARKETING_VERSION = 1.0;
				PRODUCT_BUNDLE_IDENTIFIER = nurtilek.com.MyNotesProject;
				PRODUCT_NAME = "$(TARGET_NAME)";
				SWIFT_EMIT_LOC_STRINGS = YES;
				SWIFT_VERSION = 5.0;
				TARGETED_DEVICE_FAMILY = "1,2";
			};
			name = Release;
		};
/* End XCBuildConfiguration section */

/* Begin XCConfigurationList section */
		85E2E3592B89CD6F00E8212F /* Build configuration list for PBXProject "MyNotesProject" */ = {
			isa = XCConfigurationList;
			buildConfigurations = (
				85E2E3702B89CD7200E8212F /* Debug */,
				85E2E3712B89CD7200E8212F /* Release */,
			);
			defaultConfigurationIsVisible = 0;
			defaultConfigurationName = Release;
		};
		85E2E3722B89CD7200E8212F /* Build configuration list for PBXNativeTarget "MyNotesProject" */ = {
			isa = XCConfigurationList;
			buildConfigurations = (
				85E2E3732B89CD7200E8212F /* Debug */,
				85E2E3742B89CD7200E8212F /* Release */,
			);
			defaultConfigurationIsVisible = 0;
			defaultConfigurationName = Release;
		};
/* End XCConfigurationList section */

/* Begin XCRemoteSwiftPackageReference section */
		854BB0E82B91E2BC000EE4C5 /* XCRemoteSwiftPackageReference "SnapKit" */ = {
			isa = XCRemoteSwiftPackageReference;
			repositoryURL = "https://github.com/SnapKit/SnapKit.git";
			requirement = {
				kind = upToNextMajorVersion;
				minimumVersion = 5.7.1;
			};
		};
/* End XCRemoteSwiftPackageReference section */

/* Begin XCSwiftPackageProductDependency section */
		854BB0E92B91E2BC000EE4C5 /* SnapKit */ = {
			isa = XCSwiftPackageProductDependency;
			package = 854BB0E82B91E2BC000EE4C5 /* XCRemoteSwiftPackageReference "SnapKit" */;
			productName = SnapKit;
		};
/* End XCSwiftPackageProductDependency section */

/* Begin XCVersionGroup section */
		85B5EF5D2BA066A000E07DB8 /* Note.xcdatamodeld */ = {
			isa = XCVersionGroup;
			children = (
				85B5EF5E2BA066A000E07DB8 /* NoteCoreData.xcdatamodel */,
			);
			currentVersion = 85B5EF5E2BA066A000E07DB8 /* NoteCoreData.xcdatamodel */;
			path = Note.xcdatamodeld;
			sourceTree = "<group>";
			versionGroupType = wrapper.xcdatamodel;
		};
/* End XCVersionGroup section */
	};
	rootObject = 85E2E3562B89CD6F00E8212F /* Project object */;
}
